
Microsoft Visual Studio Solution File, Format Version 12.00
# Visual Studio Version 17
VisualStudioVersion = 17.13.35825.156 d17.13
MinimumVisualStudioVersion = 10.0.40219.1
Project("{FAE04EC0-301F-11D3-BF4B-00C04F79EFBC}") = "CyberSecurityChatbot.1", "CyberSecurityChatbot.1.csproj", "{A9E52754-0E36-41C0-86D5-242D175B5E9B}"
EndProject
Global
	GlobalSection(SolutionConfigurationPlatforms) = preSolution
		Debug|Any CPU = Debug|Any CPU
		Release|Any CPU = Release|Any CPU
	EndGlobalSection
	GlobalSection(ProjectConfigurationPlatforms) = postSolution
		{A9E52754-0E36-41C0-86D5-242D175B5E9B}.Debug|Any CPU.ActiveCfg = Debug|Any CPU
		{A9E52754-0E36-41C0-86D5-242D175B5E9B}.Debug|Any CPU.Build.0 = Debug|Any CPU
		{A9E52754-0E36-41C0-86D5-242D175B5E9B}.Release|Any CPU.ActiveCfg = Release|Any CPU
		{A9E52754-0E36-41C0-86D5-242D175B5E9B}.Release|Any CPU.Build.0 = Release|Any CPU
	EndGlobalSection
	GlobalSection(SolutionProperties) = preSolution
		HideSolutionNode = FALSE
	EndGlobalSection
	GlobalSection(ExtensibilityGlobals) = postSolution
		SolutionGuid = {948C627A-8757-494D-90FF-74D0FCBAC7C6}
	EndGlobalSection
EndGlobal
